
Microsoft Visual Studio Solution File, Format Version 12.00
# Visual Studio 15
VisualStudioVersion = 15.0.28307.168
MinimumVisualStudioVersion = 10.0.40219.1
Project("{FAE04EC0-301F-11D3-BF4B-00C04F79EFBC}") = "Fibonacci", "Fibonacci\Fibonacci.csproj", "{F025FBC8-B55F-4D2B-81B5-F9CD874B2B55}"
EndProject
Global
	GlobalSection(SolutionConfigurationPlatforms) = preSolution
		Debug|Any CPU = Debug|Any CPU
		Release|Any CPU = Release|Any CPU
	EndGlobalSection
	GlobalSection(ProjectConfigurationPlatforms) = postSolution
		{F025FBC8-B55F-4D2B-81B5-F9CD874B2B55}.Debug|Any CPU.ActiveCfg = Debug|Any CPU
		{F025FBC8-B55F-4D2B-81B5-F9CD874B2B55}.Debug|Any CPU.Build.0 = Debug|Any CPU
		{F025FBC8-B55F-4D2B-81B5-F9CD874B2B55}.Release|Any CPU.ActiveCfg = Release|Any CPU
		{F025FBC8-B55F-4D2B-81B5-F9CD874B2B55}.Release|Any CPU.Build.0 = Release|Any CPU
	EndGlobalSection
	GlobalSection(SolutionProperties) = preSolution
		HideSolutionNode = FALSE
	EndGlobalSection
	GlobalSection(ExtensibilityGlobals) = postSolution
		SolutionGuid = {12579285-25D2-46A5-A4E5-32E610DA0FD4}
	EndGlobalSection
EndGlobal
